Microsoft Visual Studio Solution File, Format Version 10.00
# Visual Studio 2008

Project("{235ED6C8-73AE-A198-7624-AE95BDB5940C}") = "firstUnity", "Assembly-UnityScript.unityproj", "{AB1C6B8A-F6DC-E1FB-F097-74176D75F42A}"
EndProject
Global
	GlobalSection(SolutionConfigurationPlatforms) = preSolution
		Debug|Any CPU = Debug|Any CPU
		Release|Any CPU = Release|Any CPU
	EndGlobalSection
	GlobalSection(ProjectConfigurationPlatforms) = postSolution
		{AB1C6B8A-F6DC-E1FB-F097-74176D75F42A}.Debug|Any CPU.ActiveCfg = Debug|Any CPU
		{AB1C6B8A-F6DC-E1FB-F097-74176D75F42A}.Debug|Any CPU.Build.0 = Debug|Any CPU
		{AB1C6B8A-F6DC-E1FB-F097-74176D75F42A}.Release|Any CPU.ActiveCfg = Release|Any CPU
		{AB1C6B8A-F6DC-E1FB-F097-74176D75F42A}.Release|Any CPU.Build.0 = Release|Any CPU
	EndGlobalSection
	GlobalSection(SolutionProperties) = preSolution
		HideSolutionNode = FALSE
	EndGlobalSection
	
EndGlobal
